
Microsoft Visual Studio Solution File, Format Version 12.00
# Visual Studio Version 17
VisualStudioVersion = 17.4.33213.308
MinimumVisualStudioVersion = 10.0.40219.1
Project("{FAE04EC0-301F-11D3-BF4B-00C04F79EFBC}") = "More Constants", "More Constants\More Constants.csproj", "{2FCEC66C-7367-410E-A274-BBFF99AB2AD9}"
EndProject
Global
	GlobalSection(SolutionConfigurationPlatforms) = preSolution
		Debug|Any CPU = Debug|Any CPU
		Release|Any CPU = Release|Any CPU
	EndGlobalSection
	GlobalSection(ProjectConfigurationPlatforms) = postSolution
		{2FCEC66C-7367-410E-A274-BBFF99AB2AD9}.Debug|Any CPU.ActiveCfg = Debug|Any CPU
		{2FCEC66C-7367-410E-A274-BBFF99AB2AD9}.Debug|Any CPU.Build.0 = Debug|Any CPU
		{2FCEC66C-7367-410E-A274-BBFF99AB2AD9}.Release|Any CPU.ActiveCfg = Release|Any CPU
		{2FCEC66C-7367-410E-A274-BBFF99AB2AD9}.Release|Any CPU.Build.0 = Release|Any CPU
	EndGlobalSection
	GlobalSection(SolutionProperties) = preSolution
		HideSolutionNode = FALSE
	EndGlobalSection
	GlobalSection(ExtensibilityGlobals) = postSolution
		SolutionGuid = {3656E2A2-EB61-481C-A726-BF46F0521494}
	EndGlobalSection
EndGlobal
