
Microsoft Visual Studio Solution File, Format Version 12.00
# Visual Studio Version 17
VisualStudioVersion = 17.5.33516.290
MinimumVisualStudioVersion = 10.0.40219.1
Project("{FAE04EC0-301F-11D3-BF4B-00C04F79EFBC}") = "ParamsKeyword", "ParamsKeyword\ParamsKeyword.csproj", "{A9E4621D-95A5-4356-9930-4F82A2E5C5BA}"
EndProject
Global
	GlobalSection(SolutionConfigurationPlatforms) = preSolution
		Debug|Any CPU = Debug|Any CPU
		Release|Any CPU = Release|Any CPU
	EndGlobalSection
	GlobalSection(ProjectConfigurationPlatforms) = postSolution
		{A9E4621D-95A5-4356-9930-4F82A2E5C5BA}.Debug|Any CPU.ActiveCfg = Debug|Any CPU
		{A9E4621D-95A5-4356-9930-4F82A2E5C5BA}.Debug|Any CPU.Build.0 = Debug|Any CPU
		{A9E4621D-95A5-4356-9930-4F82A2E5C5BA}.Release|Any CPU.ActiveCfg = Release|Any CPU
		{A9E4621D-95A5-4356-9930-4F82A2E5C5BA}.Release|Any CPU.Build.0 = Release|Any CPU
	EndGlobalSection
	GlobalSection(SolutionProperties) = preSolution
		HideSolutionNode = FALSE
	EndGlobalSection
	GlobalSection(ExtensibilityGlobals) = postSolution
		SolutionGuid = {B6246A19-5E82-4BAE-8546-4AF5BC1E30A2}
	EndGlobalSection
EndGlobal
