
Microsoft Visual Studio Solution File, Format Version 12.00
# Visual Studio Version 17
VisualStudioVersion = 17.4.33213.308
MinimumVisualStudioVersion = 10.0.40219.1
Project("{FAE04EC0-301F-11D3-BF4B-00C04F79EFBC}") = "String and Methods Challenge", "String and Methods Challenge\String and Methods Challenge.csproj", "{F2DF13C2-B229-401C-8BBE-D6FAF4DBAC7A}"
EndProject
Global
	GlobalSection(SolutionConfigurationPlatforms) = preSolution
		Debug|Any CPU = Debug|Any CPU
		Release|Any CPU = Release|Any CPU
	EndGlobalSection
	GlobalSection(ProjectConfigurationPlatforms) = postSolution
		{F2DF13C2-B229-401C-8BBE-D6FAF4DBAC7A}.Debug|Any CPU.ActiveCfg = Debug|Any CPU
		{F2DF13C2-B229-401C-8BBE-D6FAF4DBAC7A}.Debug|Any CPU.Build.0 = Debug|Any CPU
		{F2DF13C2-B229-401C-8BBE-D6FAF4DBAC7A}.Release|Any CPU.ActiveCfg = Release|Any CPU
		{F2DF13C2-B229-401C-8BBE-D6FAF4DBAC7A}.Release|Any CPU.Build.0 = Release|Any CPU
	EndGlobalSection
	GlobalSection(SolutionProperties) = preSolution
		HideSolutionNode = FALSE
	EndGlobalSection
	GlobalSection(ExtensibilityGlobals) = postSolution
		SolutionGuid = {0479DF21-F566-4D29-B080-FBF6504D772F}
	EndGlobalSection
EndGlobal
