
Microsoft Visual Studio Solution File, Format Version 12.00
# Visual Studio Version 17
VisualStudioVersion = 17.5.33516.290
MinimumVisualStudioVersion = 10.0.40219.1
Project("{FAE04EC0-301F-11D3-BF4B-00C04F79EFBC}") = "TicTacToeGame", "TicTacToeGame\TicTacToeGame.csproj", "{0C7B99EE-6D3A-4071-B996-8DDFF061B34B}"
EndProject
Global
	GlobalSection(SolutionConfigurationPlatforms) = preSolution
		Debug|Any CPU = Debug|Any CPU
		Release|Any CPU = Release|Any CPU
	EndGlobalSection
	GlobalSection(ProjectConfigurationPlatforms) = postSolution
		{0C7B99EE-6D3A-4071-B996-8DDFF061B34B}.Debug|Any CPU.ActiveCfg = Debug|Any CPU
		{0C7B99EE-6D3A-4071-B996-8DDFF061B34B}.Debug|Any CPU.Build.0 = Debug|Any CPU
		{0C7B99EE-6D3A-4071-B996-8DDFF061B34B}.Release|Any CPU.ActiveCfg = Release|Any CPU
		{0C7B99EE-6D3A-4071-B996-8DDFF061B34B}.Release|Any CPU.Build.0 = Release|Any CPU
	EndGlobalSection
	GlobalSection(SolutionProperties) = preSolution
		HideSolutionNode = FALSE
	EndGlobalSection
	GlobalSection(ExtensibilityGlobals) = postSolution
		SolutionGuid = {1A9915EB-39E4-445B-A0CE-9D9F84A0E5FF}
	EndGlobalSection
EndGlobal
