
Microsoft Visual Studio Solution File, Format Version 12.00
# Visual Studio Version 17
VisualStudioVersion = 17.5.33516.290
MinimumVisualStudioVersion = 10.0.40219.1
Project("{FAE04EC0-301F-11D3-BF4B-00C04F79EFBC}") = "Structs", "Structs\Structs.csproj", "{6C6DFBB1-82F2-4AE0-8276-CB23C2F08B21}"
EndProject
Global
	GlobalSection(SolutionConfigurationPlatforms) = preSolution
		Debug|Any CPU = Debug|Any CPU
		Release|Any CPU = Release|Any CPU
	EndGlobalSection
	GlobalSection(ProjectConfigurationPlatforms) = postSolution
		{6C6DFBB1-82F2-4AE0-8276-CB23C2F08B21}.Debug|Any CPU.ActiveCfg = Debug|Any CPU
		{6C6DFBB1-82F2-4AE0-8276-CB23C2F08B21}.Debug|Any CPU.Build.0 = Debug|Any CPU
		{6C6DFBB1-82F2-4AE0-8276-CB23C2F08B21}.Release|Any CPU.ActiveCfg = Release|Any CPU
		{6C6DFBB1-82F2-4AE0-8276-CB23C2F08B21}.Release|Any CPU.Build.0 = Release|Any CPU
	EndGlobalSection
	GlobalSection(SolutionProperties) = preSolution
		HideSolutionNode = FALSE
	EndGlobalSection
	GlobalSection(ExtensibilityGlobals) = postSolution
		SolutionGuid = {E7AAC556-BE85-4B54-9E42-5A75E4B416FF}
	EndGlobalSection
EndGlobal
