
Microsoft Visual Studio Solution File, Format Version 12.00
# Visual Studio Version 17
VisualStudioVersion = 17.5.33516.290
MinimumVisualStudioVersion = 10.0.40219.1
Project("{FAE04EC0-301F-11D3-BF4B-00C04F79EFBC}") = "VirtualAndOverride", "VirtualAndOverride\VirtualAndOverride.csproj", "{2EAD00CE-4466-4484-836B-C9C9FF7C50D6}"
EndProject
Global
	GlobalSection(SolutionConfigurationPlatforms) = preSolution
		Debug|Any CPU = Debug|Any CPU
		Release|Any CPU = Release|Any CPU
	EndGlobalSection
	GlobalSection(ProjectConfigurationPlatforms) = postSolution
		{2EAD00CE-4466-4484-836B-C9C9FF7C50D6}.Debug|Any CPU.ActiveCfg = Debug|Any CPU
		{2EAD00CE-4466-4484-836B-C9C9FF7C50D6}.Debug|Any CPU.Build.0 = Debug|Any CPU
		{2EAD00CE-4466-4484-836B-C9C9FF7C50D6}.Release|Any CPU.ActiveCfg = Release|Any CPU
		{2EAD00CE-4466-4484-836B-C9C9FF7C50D6}.Release|Any CPU.Build.0 = Release|Any CPU
	EndGlobalSection
	GlobalSection(SolutionProperties) = preSolution
		HideSolutionNode = FALSE
	EndGlobalSection
	GlobalSection(ExtensibilityGlobals) = postSolution
		SolutionGuid = {5F9AB95D-8F62-41EB-86EA-5EA0BDC059FC}
	EndGlobalSection
EndGlobal
