
Microsoft Visual Studio Solution File, Format Version 12.00
# Visual Studio Version 17
VisualStudioVersion = 17.5.33516.290
MinimumVisualStudioVersion = 10.0.40219.1
Project("{FAE04EC0-301F-11D3-BF4B-00C04F79EFBC}") = "MoreInheritance", "MoreInheritance\MoreInheritance.csproj", "{B7E914E1-2445-4CF5-983F-E4D802A1614D}"
EndProject
Global
	GlobalSection(SolutionConfigurationPlatforms) = preSolution
		Debug|Any CPU = Debug|Any CPU
		Release|Any CPU = Release|Any CPU
	EndGlobalSection
	GlobalSection(ProjectConfigurationPlatforms) = postSolution
		{B7E914E1-2445-4CF5-983F-E4D802A1614D}.Debug|Any CPU.ActiveCfg = Debug|Any CPU
		{B7E914E1-2445-4CF5-983F-E4D802A1614D}.Debug|Any CPU.Build.0 = Debug|Any CPU
		{B7E914E1-2445-4CF5-983F-E4D802A1614D}.Release|Any CPU.ActiveCfg = Release|Any CPU
		{B7E914E1-2445-4CF5-983F-E4D802A1614D}.Release|Any CPU.Build.0 = Release|Any CPU
	EndGlobalSection
	GlobalSection(SolutionProperties) = preSolution
		HideSolutionNode = FALSE
	EndGlobalSection
	GlobalSection(ExtensibilityGlobals) = postSolution
		SolutionGuid = {B9CECC99-6F29-4A4B-9552-020B6B3B1652}
	EndGlobalSection
EndGlobal
