
Microsoft Visual Studio Solution File, Format Version 12.00
# Visual Studio Version 17
VisualStudioVersion = 17.5.33516.290
MinimumVisualStudioVersion = 10.0.40219.1
Project("{FAE04EC0-301F-11D3-BF4B-00C04F79EFBC}") = "DeclaringArrays", "DeclaringArrays\DeclaringArrays.csproj", "{A381A834-E762-432D-B91C-0103B914CEC0}"
EndProject
Global
	GlobalSection(SolutionConfigurationPlatforms) = preSolution
		Debug|Any CPU = Debug|Any CPU
		Release|Any CPU = Release|Any CPU
	EndGlobalSection
	GlobalSection(ProjectConfigurationPlatforms) = postSolution
		{A381A834-E762-432D-B91C-0103B914CEC0}.Debug|Any CPU.ActiveCfg = Debug|Any CPU
		{A381A834-E762-432D-B91C-0103B914CEC0}.Debug|Any CPU.Build.0 = Debug|Any CPU
		{A381A834-E762-432D-B91C-0103B914CEC0}.Release|Any CPU.ActiveCfg = Release|Any CPU
		{A381A834-E762-432D-B91C-0103B914CEC0}.Release|Any CPU.Build.0 = Release|Any CPU
	EndGlobalSection
	GlobalSection(SolutionProperties) = preSolution
		HideSolutionNode = FALSE
	EndGlobalSection
	GlobalSection(ExtensibilityGlobals) = postSolution
		SolutionGuid = {752231A1-1F23-447E-8D4B-F0D79B9A0718}
	EndGlobalSection
EndGlobal
