
Microsoft Visual Studio Solution File, Format Version 12.00
# Visual Studio Version 17
VisualStudioVersion = 17.5.33516.290
MinimumVisualStudioVersion = 10.0.40219.1
Project("{FAE04EC0-301F-11D3-BF4B-00C04F79EFBC}") = "Delegates", "Delegates\Delegates.csproj", "{AA1214D9-5CA5-4605-9BF7-E10E1C052824}"
EndProject
Global
	GlobalSection(SolutionConfigurationPlatforms) = preSolution
		Debug|Any CPU = Debug|Any CPU
		Release|Any CPU = Release|Any CPU
	EndGlobalSection
	GlobalSection(ProjectConfigurationPlatforms) = postSolution
		{AA1214D9-5CA5-4605-9BF7-E10E1C052824}.Debug|Any CPU.ActiveCfg = Debug|Any CPU
		{AA1214D9-5CA5-4605-9BF7-E10E1C052824}.Debug|Any CPU.Build.0 = Debug|Any CPU
		{AA1214D9-5CA5-4605-9BF7-E10E1C052824}.Release|Any CPU.ActiveCfg = Release|Any CPU
		{AA1214D9-5CA5-4605-9BF7-E10E1C052824}.Release|Any CPU.Build.0 = Release|Any CPU
	EndGlobalSection
	GlobalSection(SolutionProperties) = preSolution
		HideSolutionNode = FALSE
	EndGlobalSection
	GlobalSection(ExtensibilityGlobals) = postSolution
		SolutionGuid = {FEE0FB0D-85A4-4F19-8595-2A9EA59241FB}
	EndGlobalSection
EndGlobal
