
Microsoft Visual Studio Solution File, Format Version 12.00
# Visual Studio Version 17
VisualStudioVersion = 17.5.33516.290
MinimumVisualStudioVersion = 10.0.40219.1
Project("{FAE04EC0-301F-11D3-BF4B-00C04F79EFBC}") = "NestedForLoopsand2DArrays", "NestedForLoopsand2DArrays\NestedForLoopsand2DArrays.csproj", "{53C63DA4-1D34-4A4E-A294-FDCBCD4DEF41}"
EndProject
Global
	GlobalSection(SolutionConfigurationPlatforms) = preSolution
		Debug|Any CPU = Debug|Any CPU
		Release|Any CPU = Release|Any CPU
	EndGlobalSection
	GlobalSection(ProjectConfigurationPlatforms) = postSolution
		{53C63DA4-1D34-4A4E-A294-FDCBCD4DEF41}.Debug|Any CPU.ActiveCfg = Debug|Any CPU
		{53C63DA4-1D34-4A4E-A294-FDCBCD4DEF41}.Debug|Any CPU.Build.0 = Debug|Any CPU
		{53C63DA4-1D34-4A4E-A294-FDCBCD4DEF41}.Release|Any CPU.ActiveCfg = Release|Any CPU
		{53C63DA4-1D34-4A4E-A294-FDCBCD4DEF41}.Release|Any CPU.Build.0 = Release|Any CPU
	EndGlobalSection
	GlobalSection(SolutionProperties) = preSolution
		HideSolutionNode = FALSE
	EndGlobalSection
	GlobalSection(ExtensibilityGlobals) = postSolution
		SolutionGuid = {1B9E43F1-86BC-4247-BB86-A49EA2530665}
	EndGlobalSection
EndGlobal
